
Microsoft Visual Studio Solution File, Format Version 12.00
# Visual Studio Version 17
VisualStudioVersion = 17.2.32516.85
MinimumVisualStudioVersion = 10.0.40219.1
Project("{FAE04EC0-301F-11D3-BF4B-00C04F79EFBC}") = "AutoMapperDTO", "AutoMapperDTO\AutoMapperDTO.csproj", "{CD866870-FEF9-43D4-8ABB-6D1102FF60A8}"
EndProject
Global
	GlobalSection(SolutionConfigurationPlatforms) = preSolution
		Debug|Any CPU = Debug|Any CPU
		Release|Any CPU = Release|Any CPU
	EndGlobalSection
	GlobalSection(ProjectConfigurationPlatforms) = postSolution
		{CD866870-FEF9-43D4-8ABB-6D1102FF60A8}.Debug|Any CPU.ActiveCfg = Debug|Any CPU
		{CD866870-FEF9-43D4-8ABB-6D1102FF60A8}.Debug|Any CPU.Build.0 = Debug|Any CPU
		{CD866870-FEF9-43D4-8ABB-6D1102FF60A8}.Release|Any CPU.ActiveCfg = Release|Any CPU
		{CD866870-FEF9-43D4-8ABB-6D1102FF60A8}.Release|Any CPU.Build.0 = Release|Any CPU
	EndGlobalSection
	GlobalSection(SolutionProperties) = preSolution
		HideSolutionNode = FALSE
	EndGlobalSection
	GlobalSection(ExtensibilityGlobals) = postSolution
		SolutionGuid = {AAF54A84-D44E-4CCE-B84D-6EE313DF255D}
	EndGlobalSection
EndGlobal
